
Microsoft Visual Studio Solution File, Format Version 12.00
# Visual Studio Version 17
VisualStudioVersion = 17.14.36221.1 d17.14
MinimumVisualStudioVersion = 10.0.40219.1
Project("{2150E333-8FDC-42A3-9474-1A3956D46DE8}") = "source", "source", "{02EA681E-C7D8-13C7-8484-4AC65E1B71E8}"
EndProject
Project("{2150E333-8FDC-42A3-9474-1A3956D46DE8}") = "Gateway", "Gateway", "{A11A697C-4B82-4A9A-96C4-D40D81CD203B}"
EndProject
Project("{2150E333-8FDC-42A3-9474-1A3956D46DE8}") = "Identity", "Identity", "{485141FA-0AC1-4F01-8FC4-7252070F15A9}"
EndProject
Project("{2150E333-8FDC-42A3-9474-1A3956D46DE8}") = "Inventory", "Inventory", "{3FEDC474-D2D2-480E-B4E6-0D37584C5908}"
EndProject
Project("{2150E333-8FDC-42A3-9474-1A3956D46DE8}") = "Product", "Product", "{6E7A44EB-6C62-4728-B943-BB74A55A2E76}"
EndProject
Project("{2150E333-8FDC-42A3-9474-1A3956D46DE8}") = "SharedLibrary", "SharedLibrary", "{6BB23AA9-202F-4122-BFCC-7F3D6AEB5C7A}"
EndProject
Project("{2150E333-8FDC-42A3-9474-1A3956D46DE8}") = "Basket", "Basket", "{EBBF4290-E20E-4BE8-9970-FFF4A83EE4A9}"
EndProject
Project("{2150E333-8FDC-42A3-9474-1A3956D46DE8}") = "Orchestrator", "Orchestrator", "{8348F664-C71A-4D91-B834-4260DA2DA989}"
EndProject
Project("{2150E333-8FDC-42A3-9474-1A3956D46DE8}") = "Order", "Order", "{17B1FFCD-DA18-4326-A47A-0AB2E1851D6F}"
EndProject
Project("{2150E333-8FDC-42A3-9474-1A3956D46DE8}") = "Payment", "Payment", "{1EF5FEBE-30B7-40E5-ACD9-7C6D5B8AF082}"
EndProject
Project("{FAE04EC0-301F-11D3-BF4B-00C04F79EFBC}") = "SharedLibrarySolution", "source\SharedLibrary\SharedLibrarySolution\SharedLibrarySolution.csproj", "{A2E395DD-A08B-4A2B-9036-9B8BF56EF989}"
EndProject
Project("{FAE04EC0-301F-11D3-BF4B-00C04F79EFBC}") = "ApiGateway.Presentation", "source\Gateway\ApiGateway.Presentation\ApiGateway.Presentation.csproj", "{22558438-97CA-4B07-9434-0E6D33E80A4D}"
EndProject
Project("{FAE04EC0-301F-11D3-BF4B-00C04F79EFBC}") = "IdentityService.Domain", "source\Identity\IdentityService.Domain\IdentityService.Domain.csproj", "{BDD6F653-5552-41E7-BDD8-508264AF2DBD}"
EndProject
Project("{FAE04EC0-301F-11D3-BF4B-00C04F79EFBC}") = "IdentityService.Application", "source\Identity\IdentityService.Application\IdentityService.Application.csproj", "{70A4FAE6-5373-4ED6-A75B-40FD61D91E94}"
EndProject
Project("{FAE04EC0-301F-11D3-BF4B-00C04F79EFBC}") = "IdentityService.Infrastructure", "source\Identity\IdentityService.Infrastructure\IdentityService.Infrastructure.csproj", "{1FC8D788-865E-4ED3-9D35-F04D90256269}"
EndProject
Project("{FAE04EC0-301F-11D3-BF4B-00C04F79EFBC}") = "IdentityService.Presentation", "source\Identity\IdentityService.Presentation\IdentityService.Presentation.csproj", "{EF1822C7-E066-46CC-BF17-767016D42C80}"
EndProject
Project("{FAE04EC0-301F-11D3-BF4B-00C04F79EFBC}") = "ProductService.Presentation", "source\Product\ProductService.Presentation\ProductService.Presentation.csproj", "{FBAC26E9-FBD1-4DF9-95E8-65F44A812921}"
EndProject
Project("{FAE04EC0-301F-11D3-BF4B-00C04F79EFBC}") = "BasketService.Presentation", "source\Basket\BasketService.Presentation\BasketService.Presentation.csproj", "{2ED21FB3-5548-407F-9953-B15C2F6E481B}"
EndProject
Project("{FAE04EC0-301F-11D3-BF4B-00C04F79EFBC}") = "InventoryService.Domain", "source\Inventory\InventoryService.Domain\InventoryService.Domain.csproj", "{865B3075-BA92-459D-B62B-90C7A462B0FE}"
EndProject
Project("{FAE04EC0-301F-11D3-BF4B-00C04F79EFBC}") = "InventoryService.Application", "source\Inventory\InventoryService.Application\InventoryService.Application.csproj", "{0A2ECD07-6727-4292-BCAD-D7561CA1EAF2}"
EndProject
Project("{FAE04EC0-301F-11D3-BF4B-00C04F79EFBC}") = "InventoryService.Infrastructure", "source\Inventory\InventoryService.Infrastructure\InventoryService.Infrastructure.csproj", "{E07D5DA6-2C27-4BE9-8A50-22CFA14DC8D5}"
EndProject
Project("{FAE04EC0-301F-11D3-BF4B-00C04F79EFBC}") = "InventoryService.Presentation", "source\Inventory\InventoryService.Presentation\InventoryService.Presentation.csproj", "{522D6108-37DB-44DE-9F4E-2C1FCE784C28}"
EndProject
Global
	GlobalSection(SolutionConfigurationPlatforms) = preSolution
		Debug|Any CPU = Debug|Any CPU
		Release|Any CPU = Release|Any CPU
	EndGlobalSection
	GlobalSection(ProjectConfigurationPlatforms) = postSolution
		{A2E395DD-A08B-4A2B-9036-9B8BF56EF989}.Debug|Any CPU.ActiveCfg = Debug|Any CPU
		{A2E395DD-A08B-4A2B-9036-9B8BF56EF989}.Debug|Any CPU.Build.0 = Debug|Any CPU
		{A2E395DD-A08B-4A2B-9036-9B8BF56EF989}.Release|Any CPU.ActiveCfg = Release|Any CPU
		{A2E395DD-A08B-4A2B-9036-9B8BF56EF989}.Release|Any CPU.Build.0 = Release|Any CPU
		{22558438-97CA-4B07-9434-0E6D33E80A4D}.Debug|Any CPU.ActiveCfg = Debug|Any CPU
		{22558438-97CA-4B07-9434-0E6D33E80A4D}.Debug|Any CPU.Build.0 = Debug|Any CPU
		{22558438-97CA-4B07-9434-0E6D33E80A4D}.Release|Any CPU.ActiveCfg = Release|Any CPU
		{22558438-97CA-4B07-9434-0E6D33E80A4D}.Release|Any CPU.Build.0 = Release|Any CPU
		{BDD6F653-5552-41E7-BDD8-508264AF2DBD}.Debug|Any CPU.ActiveCfg = Debug|Any CPU
		{BDD6F653-5552-41E7-BDD8-508264AF2DBD}.Debug|Any CPU.Build.0 = Debug|Any CPU
		{BDD6F653-5552-41E7-BDD8-508264AF2DBD}.Release|Any CPU.ActiveCfg = Release|Any CPU
		{BDD6F653-5552-41E7-BDD8-508264AF2DBD}.Release|Any CPU.Build.0 = Release|Any CPU
		{70A4FAE6-5373-4ED6-A75B-40FD61D91E94}.Debug|Any CPU.ActiveCfg = Debug|Any CPU
		{70A4FAE6-5373-4ED6-A75B-40FD61D91E94}.Debug|Any CPU.Build.0 = Debug|Any CPU
		{70A4FAE6-5373-4ED6-A75B-40FD61D91E94}.Release|Any CPU.ActiveCfg = Release|Any CPU
		{70A4FAE6-5373-4ED6-A75B-40FD61D91E94}.Release|Any CPU.Build.0 = Release|Any CPU
		{1FC8D788-865E-4ED3-9D35-F04D90256269}.Debug|Any CPU.ActiveCfg = Debug|Any CPU
		{1FC8D788-865E-4ED3-9D35-F04D90256269}.Debug|Any CPU.Build.0 = Debug|Any CPU
		{1FC8D788-865E-4ED3-9D35-F04D90256269}.Release|Any CPU.ActiveCfg = Release|Any CPU
		{1FC8D788-865E-4ED3-9D35-F04D90256269}.Release|Any CPU.Build.0 = Release|Any CPU
		{EF1822C7-E066-46CC-BF17-767016D42C80}.Debug|Any CPU.ActiveCfg = Debug|Any CPU
		{EF1822C7-E066-46CC-BF17-767016D42C80}.Debug|Any CPU.Build.0 = Debug|Any CPU
		{EF1822C7-E066-46CC-BF17-767016D42C80}.Release|Any CPU.ActiveCfg = Release|Any CPU
		{EF1822C7-E066-46CC-BF17-767016D42C80}.Release|Any CPU.Build.0 = Release|Any CPU
		{FBAC26E9-FBD1-4DF9-95E8-65F44A812921}.Debug|Any CPU.ActiveCfg = Debug|Any CPU
		{FBAC26E9-FBD1-4DF9-95E8-65F44A812921}.Debug|Any CPU.Build.0 = Debug|Any CPU
		{FBAC26E9-FBD1-4DF9-95E8-65F44A812921}.Release|Any CPU.ActiveCfg = Release|Any CPU
		{FBAC26E9-FBD1-4DF9-95E8-65F44A812921}.Release|Any CPU.Build.0 = Release|Any CPU
		{2ED21FB3-5548-407F-9953-B15C2F6E481B}.Debug|Any CPU.ActiveCfg = Debug|Any CPU
		{2ED21FB3-5548-407F-9953-B15C2F6E481B}.Debug|Any CPU.Build.0 = Debug|Any CPU
		{2ED21FB3-5548-407F-9953-B15C2F6E481B}.Release|Any CPU.ActiveCfg = Release|Any CPU
		{2ED21FB3-5548-407F-9953-B15C2F6E481B}.Release|Any CPU.Build.0 = Release|Any CPU
		{865B3075-BA92-459D-B62B-90C7A462B0FE}.Debug|Any CPU.ActiveCfg = Debug|Any CPU
		{865B3075-BA92-459D-B62B-90C7A462B0FE}.Debug|Any CPU.Build.0 = Debug|Any CPU
		{865B3075-BA92-459D-B62B-90C7A462B0FE}.Release|Any CPU.ActiveCfg = Release|Any CPU
		{865B3075-BA92-459D-B62B-90C7A462B0FE}.Release|Any CPU.Build.0 = Release|Any CPU
		{0A2ECD07-6727-4292-BCAD-D7561CA1EAF2}.Debug|Any CPU.ActiveCfg = Debug|Any CPU
		{0A2ECD07-6727-4292-BCAD-D7561CA1EAF2}.Debug|Any CPU.Build.0 = Debug|Any CPU
		{0A2ECD07-6727-4292-BCAD-D7561CA1EAF2}.Release|Any CPU.ActiveCfg = Release|Any CPU
		{0A2ECD07-6727-4292-BCAD-D7561CA1EAF2}.Release|Any CPU.Build.0 = Release|Any CPU
		{E07D5DA6-2C27-4BE9-8A50-22CFA14DC8D5}.Debug|Any CPU.ActiveCfg = Debug|Any CPU
		{E07D5DA6-2C27-4BE9-8A50-22CFA14DC8D5}.Debug|Any CPU.Build.0 = Debug|Any CPU
		{E07D5DA6-2C27-4BE9-8A50-22CFA14DC8D5}.Release|Any CPU.ActiveCfg = Release|Any CPU
		{E07D5DA6-2C27-4BE9-8A50-22CFA14DC8D5}.Release|Any CPU.Build.0 = Release|Any CPU
		{522D6108-37DB-44DE-9F4E-2C1FCE784C28}.Debug|Any CPU.ActiveCfg = Debug|Any CPU
		{522D6108-37DB-44DE-9F4E-2C1FCE784C28}.Debug|Any CPU.Build.0 = Debug|Any CPU
		{522D6108-37DB-44DE-9F4E-2C1FCE784C28}.Release|Any CPU.ActiveCfg = Release|Any CPU
		{522D6108-37DB-44DE-9F4E-2C1FCE784C28}.Release|Any CPU.Build.0 = Release|Any CPU
	EndGlobalSection
	GlobalSection(SolutionProperties) = preSolution
		HideSolutionNode = FALSE
	EndGlobalSection
	GlobalSection(NestedProjects) = preSolution
		{A11A697C-4B82-4A9A-96C4-D40D81CD203B} = {02EA681E-C7D8-13C7-8484-4AC65E1B71E8}
		{485141FA-0AC1-4F01-8FC4-7252070F15A9} = {02EA681E-C7D8-13C7-8484-4AC65E1B71E8}
		{3FEDC474-D2D2-480E-B4E6-0D37584C5908} = {02EA681E-C7D8-13C7-8484-4AC65E1B71E8}
		{6E7A44EB-6C62-4728-B943-BB74A55A2E76} = {02EA681E-C7D8-13C7-8484-4AC65E1B71E8}
		{6BB23AA9-202F-4122-BFCC-7F3D6AEB5C7A} = {02EA681E-C7D8-13C7-8484-4AC65E1B71E8}
		{EBBF4290-E20E-4BE8-9970-FFF4A83EE4A9} = {02EA681E-C7D8-13C7-8484-4AC65E1B71E8}
		{8348F664-C71A-4D91-B834-4260DA2DA989} = {02EA681E-C7D8-13C7-8484-4AC65E1B71E8}
		{17B1FFCD-DA18-4326-A47A-0AB2E1851D6F} = {02EA681E-C7D8-13C7-8484-4AC65E1B71E8}
		{1EF5FEBE-30B7-40E5-ACD9-7C6D5B8AF082} = {02EA681E-C7D8-13C7-8484-4AC65E1B71E8}
		{A2E395DD-A08B-4A2B-9036-9B8BF56EF989} = {6BB23AA9-202F-4122-BFCC-7F3D6AEB5C7A}
		{22558438-97CA-4B07-9434-0E6D33E80A4D} = {A11A697C-4B82-4A9A-96C4-D40D81CD203B}
		{BDD6F653-5552-41E7-BDD8-508264AF2DBD} = {485141FA-0AC1-4F01-8FC4-7252070F15A9}
		{70A4FAE6-5373-4ED6-A75B-40FD61D91E94} = {485141FA-0AC1-4F01-8FC4-7252070F15A9}
		{1FC8D788-865E-4ED3-9D35-F04D90256269} = {485141FA-0AC1-4F01-8FC4-7252070F15A9}
		{EF1822C7-E066-46CC-BF17-767016D42C80} = {485141FA-0AC1-4F01-8FC4-7252070F15A9}
		{FBAC26E9-FBD1-4DF9-95E8-65F44A812921} = {6E7A44EB-6C62-4728-B943-BB74A55A2E76}
		{2ED21FB3-5548-407F-9953-B15C2F6E481B} = {EBBF4290-E20E-4BE8-9970-FFF4A83EE4A9}
		{865B3075-BA92-459D-B62B-90C7A462B0FE} = {3FEDC474-D2D2-480E-B4E6-0D37584C5908}
		{0A2ECD07-6727-4292-BCAD-D7561CA1EAF2} = {3FEDC474-D2D2-480E-B4E6-0D37584C5908}
		{E07D5DA6-2C27-4BE9-8A50-22CFA14DC8D5} = {3FEDC474-D2D2-480E-B4E6-0D37584C5908}
		{522D6108-37DB-44DE-9F4E-2C1FCE784C28} = {3FEDC474-D2D2-480E-B4E6-0D37584C5908}
	EndGlobalSection
	GlobalSection(ExtensibilityGlobals) = postSolution
		SolutionGuid = {07928BD6-6D6D-4F8B-A40A-A50C7700531E}
	EndGlobalSection
EndGlobal
