
Microsoft Visual Studio Solution File, Format Version 12.00
# Visual Studio Version 17
VisualStudioVersion = 17.14.36221.1
MinimumVisualStudioVersion = 10.0.40219.1
Project("{2150E333-8FDC-42A3-9474-1A3956D46DE8}") = "source", "source", "{02EA681E-C7D8-13C7-8484-4AC65E1B71E8}"
EndProject
Project("{2150E333-8FDC-42A3-9474-1A3956D46DE8}") = "Gateway", "Gateway", "{A11A697C-4B82-4A9A-96C4-D40D81CD203B}"
EndProject
Project("{2150E333-8FDC-42A3-9474-1A3956D46DE8}") = "Identity", "Identity", "{485141FA-0AC1-4F01-8FC4-7252070F15A9}"
EndProject
Project("{2150E333-8FDC-42A3-9474-1A3956D46DE8}") = "Inventory", "Inventory", "{3FEDC474-D2D2-480E-B4E6-0D37584C5908}"
EndProject
Project("{2150E333-8FDC-42A3-9474-1A3956D46DE8}") = "Product", "Product", "{6E7A44EB-6C62-4728-B943-BB74A55A2E76}"
EndProject
Project("{2150E333-8FDC-42A3-9474-1A3956D46DE8}") = "SharedLibrary", "SharedLibrary", "{6BB23AA9-202F-4122-BFCC-7F3D6AEB5C7A}"
EndProject
Project("{2150E333-8FDC-42A3-9474-1A3956D46DE8}") = "Basket", "Basket", "{EBBF4290-E20E-4BE8-9970-FFF4A83EE4A9}"
EndProject
Project("{2150E333-8FDC-42A3-9474-1A3956D46DE8}") = "Orchestrator", "Orchestrator", "{8348F664-C71A-4D91-B834-4260DA2DA989}"
EndProject
Project("{2150E333-8FDC-42A3-9474-1A3956D46DE8}") = "Payment", "Payment", "{1EF5FEBE-30B7-40E5-ACD9-7C6D5B8AF082}"
EndProject
Project("{FAE04EC0-301F-11D3-BF4B-00C04F79EFBC}") = "SharedLibrarySolution", "source\SharedLibrary\SharedLibrarySolution\SharedLibrarySolution.csproj", "{A2E395DD-A08B-4A2B-9036-9B8BF56EF989}"
EndProject
Project("{FAE04EC0-301F-11D3-BF4B-00C04F79EFBC}") = "ApiGateway.Presentation", "source\Gateway\ApiGateway.Presentation\ApiGateway.Presentation.csproj", "{22558438-97CA-4B07-9434-0E6D33E80A4D}"
EndProject
Project("{FAE04EC0-301F-11D3-BF4B-00C04F79EFBC}") = "IdentityService.Domain", "source\Identity\IdentityService.Domain\IdentityService.Domain.csproj", "{BDD6F653-5552-41E7-BDD8-508264AF2DBD}"
EndProject
Project("{FAE04EC0-301F-11D3-BF4B-00C04F79EFBC}") = "IdentityService.Application", "source\Identity\IdentityService.Application\IdentityService.Application.csproj", "{70A4FAE6-5373-4ED6-A75B-40FD61D91E94}"
EndProject
Project("{FAE04EC0-301F-11D3-BF4B-00C04F79EFBC}") = "IdentityService.Infrastructure", "source\Identity\IdentityService.Infrastructure\IdentityService.Infrastructure.csproj", "{1FC8D788-865E-4ED3-9D35-F04D90256269}"
EndProject
Project("{FAE04EC0-301F-11D3-BF4B-00C04F79EFBC}") = "IdentityService.Presentation", "source\Identity\IdentityService.Presentation\IdentityService.Presentation.csproj", "{EF1822C7-E066-46CC-BF17-767016D42C80}"
EndProject
Project("{FAE04EC0-301F-11D3-BF4B-00C04F79EFBC}") = "ProductService.Presentation", "source\Product\ProductService.Presentation\ProductService.Presentation.csproj", "{FBAC26E9-FBD1-4DF9-95E8-65F44A812921}"
EndProject
Project("{FAE04EC0-301F-11D3-BF4B-00C04F79EFBC}") = "BasketService.Presentation", "source\Basket\BasketService.Presentation\BasketService.Presentation.csproj", "{2ED21FB3-5548-407F-9953-B15C2F6E481B}"
EndProject
Project("{2150E333-8FDC-42A3-9474-1A3956D46DE8}") = "Order", "Order", "{F5143758-10AD-4C86-BC0E-11C6B6F16D53}"
EndProject
Project("{FAE04EC0-301F-11D3-BF4B-00C04F79EFBC}") = "OrderService.Domain", "source\Order\OrderService.Domain\OrderService.Domain.csproj", "{13EDCB15-7DB9-4300-93EE-CFA63F4D48BE}"
EndProject
Project("{FAE04EC0-301F-11D3-BF4B-00C04F79EFBC}") = "OrderService.Application", "source\Order\OrderService.Application\OrderService.Application.csproj", "{B23BB451-3DE2-4C09-9C5F-95FCC95F084C}"
EndProject
Project("{FAE04EC0-301F-11D3-BF4B-00C04F79EFBC}") = "OrderService.Infrastructure", "source\Order\OrderService.Infrastructure\OrderService.Infrastructure.csproj", "{79242A53-AC8E-4405-8DDF-D67499001271}"
EndProject
Project("{FAE04EC0-301F-11D3-BF4B-00C04F79EFBC}") = "OrderService.Presentation", "source\Order\OrderService.Presentation\OrderService.Presentation.csproj", "{E9A6035A-8D9E-4FFB-A804-3E040C967063}"
EndProject
Project("{FAE04EC0-301F-11D3-BF4B-00C04F79EFBC}") = "PaymentService.gRPC", "source\Payment\PaymentService.gRPC\PaymentService.gRPC.csproj", "{904F2326-A820-4445-BAD8-B791C13B0ABE}"
EndProject
Project("{FAE04EC0-301F-11D3-BF4B-00C04F79EFBC}") = "InventoryService.gRPC", "source\Inventory\InventoryService.gRPC\InventoryService.gRPC.csproj", "{589D9CDB-964C-4700-ABDE-7D52E5058481}"
EndProject
Global
	GlobalSection(SolutionConfigurationPlatforms) = preSolution
		Debug|Any CPU = Debug|Any CPU
		Release|Any CPU = Release|Any CPU
	EndGlobalSection
	GlobalSection(ProjectConfigurationPlatforms) = postSolution
		{A2E395DD-A08B-4A2B-9036-9B8BF56EF989}.Debug|Any CPU.ActiveCfg = Debug|Any CPU
		{A2E395DD-A08B-4A2B-9036-9B8BF56EF989}.Debug|Any CPU.Build.0 = Debug|Any CPU
		{A2E395DD-A08B-4A2B-9036-9B8BF56EF989}.Release|Any CPU.ActiveCfg = Release|Any CPU
		{A2E395DD-A08B-4A2B-9036-9B8BF56EF989}.Release|Any CPU.Build.0 = Release|Any CPU
		{22558438-97CA-4B07-9434-0E6D33E80A4D}.Debug|Any CPU.ActiveCfg = Debug|Any CPU
		{22558438-97CA-4B07-9434-0E6D33E80A4D}.Debug|Any CPU.Build.0 = Debug|Any CPU
		{22558438-97CA-4B07-9434-0E6D33E80A4D}.Release|Any CPU.ActiveCfg = Release|Any CPU
		{22558438-97CA-4B07-9434-0E6D33E80A4D}.Release|Any CPU.Build.0 = Release|Any CPU
		{BDD6F653-5552-41E7-BDD8-508264AF2DBD}.Debug|Any CPU.ActiveCfg = Debug|Any CPU
		{BDD6F653-5552-41E7-BDD8-508264AF2DBD}.Debug|Any CPU.Build.0 = Debug|Any CPU
		{BDD6F653-5552-41E7-BDD8-508264AF2DBD}.Release|Any CPU.ActiveCfg = Release|Any CPU
		{BDD6F653-5552-41E7-BDD8-508264AF2DBD}.Release|Any CPU.Build.0 = Release|Any CPU
		{70A4FAE6-5373-4ED6-A75B-40FD61D91E94}.Debug|Any CPU.ActiveCfg = Debug|Any CPU
		{70A4FAE6-5373-4ED6-A75B-40FD61D91E94}.Debug|Any CPU.Build.0 = Debug|Any CPU
		{70A4FAE6-5373-4ED6-A75B-40FD61D91E94}.Release|Any CPU.ActiveCfg = Release|Any CPU
		{70A4FAE6-5373-4ED6-A75B-40FD61D91E94}.Release|Any CPU.Build.0 = Release|Any CPU
		{1FC8D788-865E-4ED3-9D35-F04D90256269}.Debug|Any CPU.ActiveCfg = Debug|Any CPU
		{1FC8D788-865E-4ED3-9D35-F04D90256269}.Debug|Any CPU.Build.0 = Debug|Any CPU
		{1FC8D788-865E-4ED3-9D35-F04D90256269}.Release|Any CPU.ActiveCfg = Release|Any CPU
		{1FC8D788-865E-4ED3-9D35-F04D90256269}.Release|Any CPU.Build.0 = Release|Any CPU
		{EF1822C7-E066-46CC-BF17-767016D42C80}.Debug|Any CPU.ActiveCfg = Debug|Any CPU
		{EF1822C7-E066-46CC-BF17-767016D42C80}.Debug|Any CPU.Build.0 = Debug|Any CPU
		{EF1822C7-E066-46CC-BF17-767016D42C80}.Release|Any CPU.ActiveCfg = Release|Any CPU
		{EF1822C7-E066-46CC-BF17-767016D42C80}.Release|Any CPU.Build.0 = Release|Any CPU
		{FBAC26E9-FBD1-4DF9-95E8-65F44A812921}.Debug|Any CPU.ActiveCfg = Debug|Any CPU
		{FBAC26E9-FBD1-4DF9-95E8-65F44A812921}.Debug|Any CPU.Build.0 = Debug|Any CPU
		{FBAC26E9-FBD1-4DF9-95E8-65F44A812921}.Release|Any CPU.ActiveCfg = Release|Any CPU
		{FBAC26E9-FBD1-4DF9-95E8-65F44A812921}.Release|Any CPU.Build.0 = Release|Any CPU
		{2ED21FB3-5548-407F-9953-B15C2F6E481B}.Debug|Any CPU.ActiveCfg = Debug|Any CPU
		{2ED21FB3-5548-407F-9953-B15C2F6E481B}.Debug|Any CPU.Build.0 = Debug|Any CPU
		{2ED21FB3-5548-407F-9953-B15C2F6E481B}.Release|Any CPU.ActiveCfg = Release|Any CPU
		{2ED21FB3-5548-407F-9953-B15C2F6E481B}.Release|Any CPU.Build.0 = Release|Any CPU
		{13EDCB15-7DB9-4300-93EE-CFA63F4D48BE}.Debug|Any CPU.ActiveCfg = Debug|Any CPU
		{13EDCB15-7DB9-4300-93EE-CFA63F4D48BE}.Debug|Any CPU.Build.0 = Debug|Any CPU
		{13EDCB15-7DB9-4300-93EE-CFA63F4D48BE}.Release|Any CPU.ActiveCfg = Release|Any CPU
		{13EDCB15-7DB9-4300-93EE-CFA63F4D48BE}.Release|Any CPU.Build.0 = Release|Any CPU
		{B23BB451-3DE2-4C09-9C5F-95FCC95F084C}.Debug|Any CPU.ActiveCfg = Debug|Any CPU
		{B23BB451-3DE2-4C09-9C5F-95FCC95F084C}.Debug|Any CPU.Build.0 = Debug|Any CPU
		{B23BB451-3DE2-4C09-9C5F-95FCC95F084C}.Release|Any CPU.ActiveCfg = Release|Any CPU
		{B23BB451-3DE2-4C09-9C5F-95FCC95F084C}.Release|Any CPU.Build.0 = Release|Any CPU
		{79242A53-AC8E-4405-8DDF-D67499001271}.Debug|Any CPU.ActiveCfg = Debug|Any CPU
		{79242A53-AC8E-4405-8DDF-D67499001271}.Debug|Any CPU.Build.0 = Debug|Any CPU
		{79242A53-AC8E-4405-8DDF-D67499001271}.Release|Any CPU.ActiveCfg = Release|Any CPU
		{79242A53-AC8E-4405-8DDF-D67499001271}.Release|Any CPU.Build.0 = Release|Any CPU
		{E9A6035A-8D9E-4FFB-A804-3E040C967063}.Debug|Any CPU.ActiveCfg = Debug|Any CPU
		{E9A6035A-8D9E-4FFB-A804-3E040C967063}.Debug|Any CPU.Build.0 = Debug|Any CPU
		{E9A6035A-8D9E-4FFB-A804-3E040C967063}.Release|Any CPU.ActiveCfg = Release|Any CPU
		{E9A6035A-8D9E-4FFB-A804-3E040C967063}.Release|Any CPU.Build.0 = Release|Any CPU
		{904F2326-A820-4445-BAD8-B791C13B0ABE}.Debug|Any CPU.ActiveCfg = Debug|Any CPU
		{904F2326-A820-4445-BAD8-B791C13B0ABE}.Debug|Any CPU.Build.0 = Debug|Any CPU
		{904F2326-A820-4445-BAD8-B791C13B0ABE}.Release|Any CPU.ActiveCfg = Release|Any CPU
		{904F2326-A820-4445-BAD8-B791C13B0ABE}.Release|Any CPU.Build.0 = Release|Any CPU
		{589D9CDB-964C-4700-ABDE-7D52E5058481}.Debug|Any CPU.ActiveCfg = Debug|Any CPU
		{589D9CDB-964C-4700-ABDE-7D52E5058481}.Debug|Any CPU.Build.0 = Debug|Any CPU
		{589D9CDB-964C-4700-ABDE-7D52E5058481}.Release|Any CPU.ActiveCfg = Release|Any CPU
		{589D9CDB-964C-4700-ABDE-7D52E5058481}.Release|Any CPU.Build.0 = Release|Any CPU
	EndGlobalSection
	GlobalSection(SolutionProperties) = preSolution
		HideSolutionNode = FALSE
	EndGlobalSection
	GlobalSection(NestedProjects) = preSolution
		{A11A697C-4B82-4A9A-96C4-D40D81CD203B} = {02EA681E-C7D8-13C7-8484-4AC65E1B71E8}
		{485141FA-0AC1-4F01-8FC4-7252070F15A9} = {02EA681E-C7D8-13C7-8484-4AC65E1B71E8}
		{3FEDC474-D2D2-480E-B4E6-0D37584C5908} = {02EA681E-C7D8-13C7-8484-4AC65E1B71E8}
		{6E7A44EB-6C62-4728-B943-BB74A55A2E76} = {02EA681E-C7D8-13C7-8484-4AC65E1B71E8}
		{6BB23AA9-202F-4122-BFCC-7F3D6AEB5C7A} = {02EA681E-C7D8-13C7-8484-4AC65E1B71E8}
		{EBBF4290-E20E-4BE8-9970-FFF4A83EE4A9} = {02EA681E-C7D8-13C7-8484-4AC65E1B71E8}
		{8348F664-C71A-4D91-B834-4260DA2DA989} = {02EA681E-C7D8-13C7-8484-4AC65E1B71E8}
		{1EF5FEBE-30B7-40E5-ACD9-7C6D5B8AF082} = {02EA681E-C7D8-13C7-8484-4AC65E1B71E8}
		{A2E395DD-A08B-4A2B-9036-9B8BF56EF989} = {6BB23AA9-202F-4122-BFCC-7F3D6AEB5C7A}
		{22558438-97CA-4B07-9434-0E6D33E80A4D} = {A11A697C-4B82-4A9A-96C4-D40D81CD203B}
		{BDD6F653-5552-41E7-BDD8-508264AF2DBD} = {485141FA-0AC1-4F01-8FC4-7252070F15A9}
		{70A4FAE6-5373-4ED6-A75B-40FD61D91E94} = {485141FA-0AC1-4F01-8FC4-7252070F15A9}
		{1FC8D788-865E-4ED3-9D35-F04D90256269} = {485141FA-0AC1-4F01-8FC4-7252070F15A9}
		{EF1822C7-E066-46CC-BF17-767016D42C80} = {485141FA-0AC1-4F01-8FC4-7252070F15A9}
		{FBAC26E9-FBD1-4DF9-95E8-65F44A812921} = {6E7A44EB-6C62-4728-B943-BB74A55A2E76}
		{2ED21FB3-5548-407F-9953-B15C2F6E481B} = {EBBF4290-E20E-4BE8-9970-FFF4A83EE4A9}
		{F5143758-10AD-4C86-BC0E-11C6B6F16D53} = {02EA681E-C7D8-13C7-8484-4AC65E1B71E8}
		{13EDCB15-7DB9-4300-93EE-CFA63F4D48BE} = {F5143758-10AD-4C86-BC0E-11C6B6F16D53}
		{B23BB451-3DE2-4C09-9C5F-95FCC95F084C} = {F5143758-10AD-4C86-BC0E-11C6B6F16D53}
		{79242A53-AC8E-4405-8DDF-D67499001271} = {F5143758-10AD-4C86-BC0E-11C6B6F16D53}
		{E9A6035A-8D9E-4FFB-A804-3E040C967063} = {F5143758-10AD-4C86-BC0E-11C6B6F16D53}
		{904F2326-A820-4445-BAD8-B791C13B0ABE} = {1EF5FEBE-30B7-40E5-ACD9-7C6D5B8AF082}
		{589D9CDB-964C-4700-ABDE-7D52E5058481} = {3FEDC474-D2D2-480E-B4E6-0D37584C5908}
	EndGlobalSection
	GlobalSection(ExtensibilityGlobals) = postSolution
		SolutionGuid = {07928BD6-6D6D-4F8B-A40A-A50C7700531E}
	EndGlobalSection
EndGlobal
